
Microsoft Visual Studio Solution File, Format Version 12.00
# Visual Studio Version 17
VisualStudioVersion = 17.11.35208.52
MinimumVisualStudioVersion = 10.0.40219.1
Project("{FAE04EC0-301F-11D3-BF4B-00C04F79EFBC}") = "OldTarkovMovementPlugin", "AnimationReplacerPlugin\OldTarkovMovementPlugin.csproj", "{A39ECFA5-4CDA-49F3-9CBA-F36AAD8E986E}"
EndProject
Global
	GlobalSection(SolutionConfigurationPlatforms) = preSolution
		Debug|Any CPU = Debug|Any CPU
		Release|Any CPU = Release|Any CPU
	EndGlobalSection
	GlobalSection(ProjectConfigurationPlatforms) = postSolution
		{A39ECFA5-4CDA-49F3-9CBA-F36AAD8E986E}.Debug|Any CPU.ActiveCfg = Release|Any CPU
		{A39ECFA5-4CDA-49F3-9CBA-F36AAD8E986E}.Debug|Any CPU.Build.0 = Release|Any CPU
		{A39ECFA5-4CDA-49F3-9CBA-F36AAD8E986E}.Release|Any CPU.ActiveCfg = Release|Any CPU
		{A39ECFA5-4CDA-49F3-9CBA-F36AAD8E986E}.Release|Any CPU.Build.0 = Release|Any CPU
	EndGlobalSection
	GlobalSection(SolutionProperties) = preSolution
		HideSolutionNode = FALSE
	EndGlobalSection
	GlobalSection(ExtensibilityGlobals) = postSolution
		SolutionGuid = {7A5C93BC-9EE3-4285-8050-B32C8939E1F0}
	EndGlobalSection
EndGlobal
